
Microsoft Visual Studio Solution File, Format Version 12.00
# Visual Studio Version 17
VisualStudioVersion = 17.14.36623.8 d17.14
MinimumVisualStudioVersion = 10.0.40219.1
Project("{FAE04EC0-301F-11D3-BF4B-00C04F79EFBC}") = "EFModelFirst", "EFModelFirst\EFModelFirst.csproj", "{7D426E12-C635-446C-B0C2-2CD3806B08E6}"
EndProject
Global
	GlobalSection(SolutionConfigurationPlatforms) = preSolution
		Debug|Any CPU = Debug|Any CPU
		Release|Any CPU = Release|Any CPU
	EndGlobalSection
	GlobalSection(ProjectConfigurationPlatforms) = postSolution
		{7D426E12-C635-446C-B0C2-2CD3806B08E6}.Debug|Any CPU.ActiveCfg = Debug|Any CPU
		{7D426E12-C635-446C-B0C2-2CD3806B08E6}.Debug|Any CPU.Build.0 = Debug|Any CPU
		{7D426E12-C635-446C-B0C2-2CD3806B08E6}.Release|Any CPU.ActiveCfg = Release|Any CPU
		{7D426E12-C635-446C-B0C2-2CD3806B08E6}.Release|Any CPU.Build.0 = Release|Any CPU
	EndGlobalSection
	GlobalSection(SolutionProperties) = preSolution
		HideSolutionNode = FALSE
	EndGlobalSection
	GlobalSection(ExtensibilityGlobals) = postSolution
		SolutionGuid = {FFCC4328-5383-4972-91CF-7B8CCCBA1A93}
	EndGlobalSection
EndGlobal
